# This file was autogenerated by Stack.
# You should not edit this file by hand.
# For more information, please see the documentation at:
#   https://docs.haskellstack.org/en/stable/lock_files

packages:
- completed:
    hackage: cmark-0.4.1@sha256:81f5afafcb386b5effc2669cd1a815902ce5db3ba4ce67145e3518db73dcc782,3746
    pantry-tree:
      sha256: f6d7a11d53835411fb02efab3f900f770a3d57c7440bbeeac118cacdded4f90b
      size: 2809
  original:
    hackage: cmark-0.4.1
- completed:
    hackage: conduit-extra-1.1.11@sha256:913380a92abce92266a5f70796911088594c2b4b2abde828eef4f6e1eec38ed4,4320
    pantry-tree:
      sha256: a6fa5c3079822aa7735e410aa0df6c1be3e724a170dbb530f6021257be53db31
      size: 2185
  original:
    hackage: conduit-extra-1.1.11
- completed:
    hackage: hslua-0.4.1@sha256:b5aab01f5b36ae5651064ca4005bb43e5a38256ff5dbadcaaa932d7c589f6476,4551
    pantry-tree:
      sha256: d9cd7a1b82c05d4aecb6261735789fbf0480d8d5aa561165a20992740474524a
      size: 3977
  original:
    hackage: hslua-0.4.1
- completed:
    hackage: pandoc-1.15.2.1@sha256:5cd9bed5d7c3a7252e2393c085a9790647af627417e1e492a8722aa5149ca297,21768
    pantry-tree:
      sha256: 49d7db03ad0d7b554dc9218a5c0d6cae6adcd6c1c68c6dd9c0c7e44824a17ab1
      size: 31089
  original:
    hackage: pandoc-1.15.2.1
- completed:
    hackage: primitive-0.6.1.0@sha256:6ec7c2455c437aba71f856b797e7db440c83719509aa63a9a3d1b4652ca3683d,1941
    pantry-tree:
      sha256: 20392469fdee1af6cd58f492fa62b1af780600bbae088884efb7f42e1d31c8d4
      size: 1054
  original:
    hackage: primitive-0.6.1.0
- completed:
    hackage: texmath-0.8.4.2@sha256:51cc6fc36442446045620c51d835b4c6d3a04377a2aaf2ce69ed3ef6b89f1228,6440
    pantry-tree:
      sha256: 4872796db11de4213d94edadfa092c49159ab68db80b8adeeb819782c4adcaac
      size: 229500
  original:
    hackage: texmath-0.8.4.2
- completed:
    hackage: vector-0.11.0.0@sha256:2bfafd758ab4d80fa7a16b0a650aff60fb1be109728bed6ede144baf1f744ace,6061
    pantry-tree:
      sha256: 93d1e4b68d07dcd7ad296de97d987d15b8aae53a857c8bc8b6a9b00e86d8dcd2
      size: 3356
  original:
    hackage: vector-0.11.0.0
- completed:
    hackage: yaml-0.8.13@sha256:b0f78da013a91ee20010420439cd7b23987e3a403e87a052efef61e66d8440b3,4430
    pantry-tree:
      sha256: 1e31582de9dce905c789992f2e418c9d6c3e776688fb02e116ea18403bb461c2
      size: 2196
  original:
    hackage: yaml-0.8.13
snapshots:
- completed:
    sha256: bec6b8b1125a786520ae70df51370270815b65bfc6c210e327db6c25555074c5
    size: 284282
    url: https://raw.githubusercontent.com/commercialhaskell/stackage-snapshots/master/lts/3/2.yaml
  original: lts-3.2
